
Microsoft Visual Studio Solution File, Format Version 12.00
# Visual Studio Version 17
VisualStudioVersion = 17.7.34202.233
MinimumVisualStudioVersion = 10.0.40219.1
Project("{888888A0-9F3D-457C-B088-3A5042F75D52}") = "Auto_Polymerization", "Auto_Polymerization\Auto_Polymerization.pyproj", "{2742669F-EB5F-4AB2-8C69-AC649A8C4C41}"
EndProject
Global
	GlobalSection(SolutionConfigurationPlatforms) = preSolution
		Debug|Any CPU = Debug|Any CPU
		Release|Any CPU = Release|Any CPU
	EndGlobalSection
	GlobalSection(ProjectConfigurationPlatforms) = postSolution
		{2742669F-EB5F-4AB2-8C69-AC649A8C4C41}.Debug|Any CPU.ActiveCfg = Debug|Any CPU
		{2742669F-EB5F-4AB2-8C69-AC649A8C4C41}.Release|Any CPU.ActiveCfg = Release|Any CPU
	EndGlobalSection
	GlobalSection(SolutionProperties) = preSolution
		HideSolutionNode = FALSE
	EndGlobalSection
	GlobalSection(ExtensibilityGlobals) = postSolution
		SolutionGuid = {C78EC2CE-AD0D-48BD-AD3F-BE35E58B0C7A}
	EndGlobalSection
EndGlobal
